{
  "version": 4,
  "terraform_version": "1.9.8",
  "serial": 19,
  "lineage": "4375af46-2ebc-103c-9490-dec62198f034",
  "outputs": {},
  "resources": [
    {
      "mode": "data",
      "type": "aws_availability_zones",
      "name": "available",
      "provider": "provider[\"registry.terraform.io/hashicorp/aws\"]",
      "instances": [
        {
          "schema_version": 0,
          "attributes": {
            "all_availability_zones": null,
            "exclude_names": null,
            "exclude_zone_ids": null,
            "filter": null,
            "group_names": [
              "us-east-1"
            ],
            "id": "us-east-1",
            "names": [
              "us-east-1a",
              "us-east-1b",
              "us-east-1c",
              "us-east-1d",
              "us-east-1e",
              "us-east-1f"
            ],
            "state": null,
            "timeouts": null,
            "zone_ids": [
              "use1-az1",
              "use1-az2",
              "use1-az4",
              "use1-az6",
              "use1-az3",
              "use1-az5"
            ]
          },
          "sensitive_attributes": []
        }
      ]
    },
    {
      "mode": "data",
      "type": "aws_eks_cluster",
      "name": "selected_eks",
      "provider": "provider[\"registry.terraform.io/hashicorp/aws\"]",
      "instances": [
        {
          "schema_version": 0,
          "attributes": {
            "access_config": [
              {
                "authentication_mode": "CONFIG_MAP",
                "bootstrap_cluster_creator_admin_permissions": true
              }
            ],
            "arn": "arn:aws:eks:us-east-1:010928185677:cluster/lanchonete-eks-cluster",
            "certificate_authority": [
              {
                "data": "LS0tLS1CRUdJTiBDRVJUSUZJQ0FURS0tLS0tCk1JSURCVENDQWUyZ0F3SUJBZ0lJR01hcnNPSllGOEl3RFFZSktvWklodmNOQVFFTEJRQXdGVEVUTUJFR0ExVUUKQXhNS2EzVmlaWEp1WlhSbGN6QWVGdzB5TkRFeU1ERXhNRFF6TkRGYUZ3MHpOREV4TWpreE1EUTROREZhTUJVeApFekFSQmdOVkJBTVRDbXQxWW1WeWJtVjBaWE13Z2dFaU1BMEdDU3FHU0liM0RRRUJBUVVBQTRJQkR3QXdnZ0VLCkFvSUJBUUNmd2dUNFFkbUFrQUJiYXRoc2dvWlVkeUZYL2FHRjBDSHhJOHZxTlE5TXRoVFNQa2hBajQxQTJ5NWYKQ3JoUTJOZ0F5NENHWEI5MTZXa29Rck5vd3ZxNFBjazVwVU9USUFRR28yT24yN1VmWStkVmMva0diVXZIVXozWQpwenN2R1ZHRktDbDNsMTltandKM1FDNlBkTmZHeEVOTk5ObC9oZ240TzR5VUJZYndpYzhTaFFrZDBrWXFzTVcwCkZteGtsNkVEQXZYTUpqUnJmU3A0NEd6SE42UFg2REdRYVBYYUR6OFd2Z3BMMS9aMTlYcnpqbWpLMmFkUVhPa2QKMm5JdDZrR2IzaE0wZUxvNDkvRlJRNEZpRUNsNGZCOVJCQkthN3FHMi8wVzFXQjJrZmZmazhrOTFRZHZ2d1BaOApUMTQ3SkxLYSsyZ3gzcHdZQUF2K1hJSDd6aFNOQWdNQkFBR2pXVEJYTUE0R0ExVWREd0VCL3dRRUF3SUNwREFQCkJnTlZIUk1CQWY4RUJUQURBUUgvTUIwR0ExVWREZ1FXQkJRSVN1dWs0ME9xL09aWEFYMU1EdytONHd3dUh6QVYKQmdOVkhSRUVEakFNZ2dwcmRXSmxjbTVsZEdWek1BMEdDU3FHU0liM0RRRUJDd1VBQTRJQkFRQTlSWmgzT1dHWAp3MWZpWnBVd2tRby9xVlFFcXhmekhPM2JZUW9ZZDNQKzYwOEt5L1c1Y1Z0OTFNSTlHbWRHNXhKUnZ4U2x0dFlQClhMM3E3aXY5ZCtVMWF6ODFUNGdPSlptSkdlSTJFbmllMHNuUEhMTFE5MTQzRDBackhPNGkyVTlsZURsVUpjUi8KTWg1Uys5dTRkYmFuTWZOL1MvRC9XN2s3QjFXNmEyT2RoSmw5ZUs0UDN3UDU1NS9VOWlxcUxPc0lxektxQ0VleQp5Z1YyZGlDUlJtemVwdkVWUFBjNUJ2OEx5K25abDlqdjczM0lOVnFKcVM3N04rSCtqQkxBNGR2RDk5UEJKdU1LCnBLb2p2ZGZEM01KbHJUVG1CUWdRdUZlaDJNUE1ZMXh2WmZKQTNPTTZPLy83aU1sQWRwcFgyMXREczQ1c2J2UkUKejZOcU9LWnVxZzl2Ci0tLS0tRU5EIENFUlRJRklDQVRFLS0tLS0K"
              }
            ],
            "cluster_id": null,
            "created_at": "2024-12-01T10:43:12Z",
            "enabled_cluster_log_types": [],
            "endpoint": "https://12DAF04D027B35A458D9053CA50B19AA.gr7.us-east-1.eks.amazonaws.com",
            "id": "lanchonete-eks-cluster",
            "identity": [
              {
                "oidc": [
                  {
                    "issuer": "https://oidc.eks.us-east-1.amazonaws.com/id/12DAF04D027B35A458D9053CA50B19AA"
                  }
                ]
              }
            ],
            "kubernetes_network_config": [
              {
                "ip_family": "ipv4",
                "service_ipv4_cidr": "172.20.0.0/16",
                "service_ipv6_cidr": ""
              }
            ],
            "name": "lanchonete-eks-cluster",
            "outpost_config": [],
            "platform_version": "eks.23",
            "role_arn": "arn:aws:iam::010928185677:role/eks-cluster-role",
            "status": "ACTIVE",
            "tags": {
              "Name": "eks-cluster"
            },
            "upgrade_policy": [
              {
                "support_type": "EXTENDED"
              }
            ],
            "version": "1.29",
            "vpc_config": [
              {
                "cluster_security_group_id": "sg-060373ca9986b28b6",
                "endpoint_private_access": false,
                "endpoint_public_access": true,
                "public_access_cidrs": [
                  "0.0.0.0/0"
                ],
                "security_group_ids": [
                  "sg-0273837582ac5dd2f"
                ],
                "subnet_ids": [
                  "subnet-0023705385730a109",
                  "subnet-0977b76009579a5de"
                ],
                "vpc_id": "vpc-043bb585f7b90d39d"
              }
            ],
            "zonal_shift_config": []
          },
          "sensitive_attributes": []
        }
      ]
    },
    {
      "mode": "data",
      "type": "aws_subnets",
      "name": "eks_subnets",
      "provider": "provider[\"registry.terraform.io/hashicorp/aws\"]",
      "instances": [
        {
          "schema_version": 0,
          "attributes": {
            "filter": [
              {
                "name": "vpc-id",
                "values": [
                  "vpc-043bb585f7b90d39d"
                ]
              }
            ],
            "id": "us-east-1",
            "ids": [
              "subnet-0023705385730a109",
              "subnet-0977b76009579a5de"
            ],
            "tags": null,
            "timeouts": null
          },
          "sensitive_attributes": []
        }
      ]
    },
    {
      "mode": "data",
      "type": "aws_vpc",
      "name": "eks_vpc",
      "provider": "provider[\"registry.terraform.io/hashicorp/aws\"]",
      "instances": [
        {
          "schema_version": 0,
          "attributes": {
            "arn": "arn:aws:ec2:us-east-1:010928185677:vpc/vpc-043bb585f7b90d39d",
            "cidr_block": "10.0.0.0/16",
            "cidr_block_associations": [
              {
                "association_id": "vpc-cidr-assoc-0763c90ad0acf455f",
                "cidr_block": "10.0.0.0/16",
                "state": "associated"
              }
            ],
            "default": false,
            "dhcp_options_id": "dopt-036d1399f7e7963d2",
            "enable_dns_hostnames": true,
            "enable_dns_support": true,
            "enable_network_address_usage_metrics": false,
            "filter": null,
            "id": "vpc-043bb585f7b90d39d",
            "instance_tenancy": "default",
            "ipv6_association_id": "",
            "ipv6_cidr_block": "",
            "main_route_table_id": "rtb-0648ccb994127a3f1",
            "owner_id": "010928185677",
            "state": null,
            "tags": {
              "Name": "eks-vpc"
            },
            "timeouts": null
          },
          "sensitive_attributes": []
        }
      ]
    },
    {
      "mode": "managed",
      "type": "aws_docdb_cluster",
      "name": "docdb_cluster",
      "provider": "provider[\"registry.terraform.io/hashicorp/aws\"]",
      "instances": [
        {
          "schema_version": 0,
          "attributes": {
            "allow_major_version_upgrade": null,
            "apply_immediately": null,
            "arn": "arn:aws:rds:us-east-1:010928185677:cluster:lanchonete-product-docdb-cluster",
            "availability_zones": [
              "us-east-1a",
              "us-east-1b",
              "us-east-1d"
            ],
            "backup_retention_period": 1,
            "cluster_identifier": "lanchonete-product-docdb-cluster",
            "cluster_identifier_prefix": "",
            "cluster_members": [],
            "cluster_resource_id": "cluster-M6K5OJMAM5EAKLZURVPZCVGOUI",
            "db_cluster_parameter_group_name": "default.docdb5.0",
            "db_subnet_group_name": "lanchonete-product-docdb-subnet-group",
            "deletion_protection": false,
            "enabled_cloudwatch_logs_exports": null,
            "endpoint": "lanchonete-product-docdb-cluster.cluster-c1428q0gijk9.us-east-1.docdb.amazonaws.com",
            "engine": "docdb",
            "engine_version": "5.0.0",
            "final_snapshot_identifier": null,
            "global_cluster_identifier": "",
            "hosted_zone_id": "ZNKXH85TT8WVW",
            "id": "lanchonete-product-docdb-cluster",
            "kms_key_id": "",
            "master_password": "rmontoza",
            "master_username": "fiaplanchonete",
            "port": 27017,
            "preferred_backup_window": "08:45-09:15",
            "preferred_maintenance_window": "thu:05:11-thu:05:41",
            "reader_endpoint": "lanchonete-product-docdb-cluster.cluster-ro-c1428q0gijk9.us-east-1.docdb.amazonaws.com",
            "restore_to_point_in_time": [],
            "skip_final_snapshot": true,
            "snapshot_identifier": null,
            "storage_encrypted": false,
            "storage_type": "",
            "tags": {
              "Name": "lanchonete-product-docdb-cluster"
            },
            "tags_all": {
              "Name": "lanchonete-product-docdb-cluster"
            },
            "timeouts": null,
            "vpc_security_group_ids": [
              "sg-0a1d82257d35b8917"
            ]
          },
          "sensitive_attributes": [
            [
              {
                "type": "get_attr",
                "value": "master_password"
              }
            ]
          ],
          "private": "eyJlMmJmYjczMC1lY2FhLTExZTYtOGY4OC0zNDM2M2JjN2M0YzAiOnsiY3JlYXRlIjo3MjAwMDAwMDAwMDAwLCJkZWxldGUiOjcyMDAwMDAwMDAwMDAsInVwZGF0ZSI6NzIwMDAwMDAwMDAwMH19",
          "dependencies": [
            "aws_docdb_subnet_group.docdb_subnet_group",
            "aws_security_group.docdb_sg",
            "data.aws_eks_cluster.selected_eks",
            "data.aws_subnets.eks_subnets",
            "data.aws_vpc.eks_vpc"
          ]
        }
      ]
    },
    {
      "mode": "managed",
      "type": "aws_docdb_cluster_instance",
      "name": "docdb_instance",
      "provider": "provider[\"registry.terraform.io/hashicorp/aws\"]",
      "instances": [
        {
          "index_key": 0,
          "schema_version": 0,
          "attributes": {
            "apply_immediately": null,
            "arn": "arn:aws:rds:us-east-1:010928185677:db:lanchonete-product-docdb-instance-0",
            "auto_minor_version_upgrade": true,
            "availability_zone": "us-east-1b",
            "ca_cert_identifier": "rds-ca-rsa2048-g1",
            "cluster_identifier": "lanchonete-product-docdb-cluster",
            "copy_tags_to_snapshot": false,
            "db_subnet_group_name": "lanchonete-product-docdb-subnet-group",
            "dbi_resource_id": "db-OMSDLC5PQOUZHFTV3X3TK7AWAU",
            "enable_performance_insights": null,
            "endpoint": "lanchonete-product-docdb-instance-0.c1428q0gijk9.us-east-1.docdb.amazonaws.com",
            "engine": "docdb",
            "engine_version": "5.0.0",
            "id": "lanchonete-product-docdb-instance-0",
            "identifier": "lanchonete-product-docdb-instance-0",
            "identifier_prefix": "",
            "instance_class": "db.t3.medium",
            "kms_key_id": "",
            "performance_insights_kms_key_id": null,
            "port": 27017,
            "preferred_backup_window": "08:45-09:15",
            "preferred_maintenance_window": "sun:05:25-sun:05:55",
            "promotion_tier": 0,
            "publicly_accessible": false,
            "storage_encrypted": false,
            "tags": {
              "Name": "lanchonete-product-docdb-instance"
            },
            "tags_all": {
              "Name": "lanchonete-product-docdb-instance"
            },
            "timeouts": null,
            "writer": true
          },
          "sensitive_attributes": [],
          "private": "eyJlMmJmYjczMC1lY2FhLTExZTYtOGY4OC0zNDM2M2JjN2M0YzAiOnsiY3JlYXRlIjo1NDAwMDAwMDAwMDAwLCJkZWxldGUiOjU0MDAwMDAwMDAwMDAsInVwZGF0ZSI6NTQwMDAwMDAwMDAwMH19",
          "dependencies": [
            "aws_docdb_cluster.docdb_cluster",
            "aws_docdb_subnet_group.docdb_subnet_group",
            "aws_security_group.docdb_sg",
            "data.aws_eks_cluster.selected_eks",
            "data.aws_subnets.eks_subnets",
            "data.aws_vpc.eks_vpc"
          ]
        }
      ]
    },
    {
      "mode": "managed",
      "type": "aws_docdb_subnet_group",
      "name": "docdb_subnet_group",
      "provider": "provider[\"registry.terraform.io/hashicorp/aws\"]",
      "instances": [
        {
          "schema_version": 0,
          "attributes": {
            "arn": "arn:aws:rds:us-east-1:010928185677:subgrp:lanchonete-product-docdb-subnet-group",
            "description": "Managed by Terraform",
            "id": "lanchonete-product-docdb-subnet-group",
            "name": "lanchonete-product-docdb-subnet-group",
            "name_prefix": "",
            "subnet_ids": [
              "subnet-0023705385730a109",
              "subnet-0977b76009579a5de"
            ],
            "tags": {
              "Name": "docdb-subnet-group"
            },
            "tags_all": {
              "Name": "docdb-subnet-group"
            }
          },
          "sensitive_attributes": [],
          "private": "bnVsbA==",
          "dependencies": [
            "data.aws_eks_cluster.selected_eks",
            "data.aws_subnets.eks_subnets",
            "data.aws_vpc.eks_vpc"
          ]
        }
      ]
    },
    {
      "mode": "managed",
      "type": "aws_security_group",
      "name": "docdb_sg",
      "provider": "provider[\"registry.terraform.io/hashicorp/aws\"]",
      "instances": [
        {
          "schema_version": 1,
          "attributes": {
            "arn": "arn:aws:ec2:us-east-1:010928185677:security-group/sg-0a1d82257d35b8917",
            "description": "Managed by Terraform",
            "egress": [
              {
                "cidr_blocks": [
                  "0.0.0.0/0"
                ],
                "description": "",
                "from_port": 0,
                "ipv6_cidr_blocks": [],
                "prefix_list_ids": [],
                "protocol": "-1",
                "security_groups": [],
                "self": false,
                "to_port": 0
              }
            ],
            "id": "sg-0a1d82257d35b8917",
            "ingress": [
              {
                "cidr_blocks": [
                  "0.0.0.0/0"
                ],
                "description": "",
                "from_port": 27017,
                "ipv6_cidr_blocks": [],
                "prefix_list_ids": [],
                "protocol": "tcp",
                "security_groups": [],
                "self": false,
                "to_port": 27017
              }
            ],
            "name": "terraform-20241201121007391800000001",
            "name_prefix": "terraform-",
            "owner_id": "010928185677",
            "revoke_rules_on_delete": false,
            "tags": {
              "Name": "docdb-security-group"
            },
            "tags_all": {
              "Name": "docdb-security-group"
            },
            "timeouts": null,
            "vpc_id": "vpc-043bb585f7b90d39d"
          },
          "sensitive_attributes": [],
          "private": "eyJlMmJmYjczMC1lY2FhLTExZTYtOGY4OC0zNDM2M2JjN2M0YzAiOnsiY3JlYXRlIjo2MDAwMDAwMDAwMDAsImRlbGV0ZSI6OTAwMDAwMDAwMDAwfSwic2NoZW1hX3ZlcnNpb24iOiIxIn0=",
          "dependencies": [
            "data.aws_eks_cluster.selected_eks",
            "data.aws_vpc.eks_vpc"
          ]
        }
      ]
    }
  ],
  "check_results": null
}
